
Microsoft Visual Studio Solution File, Format Version 12.00
# Visual Studio 15
VisualStudioVersion = 15.0.26124.0
MinimumVisualStudioVersion = 15.0.26124.0
Project("{FAE04EC0-301F-11D3-BF4B-00C04F79EFBC}") = "Models", "Models\Models.csproj", "{F57D185A-1AA3-4C54-98F7-E46A54880029}"
EndProject
Project("{FAE04EC0-301F-11D3-BF4B-00C04F79EFBC}") = "Data", "Data\Data.csproj", "{3C5A543F-1966-4A15-804A-52E42BBC6E29}"
EndProject
Project("{FAE04EC0-301F-11D3-BF4B-00C04F79EFBC}") = "Core", "Core\Core.csproj", "{5F9A4186-4122-4D43-A8C2-010CA15A70DB}"
EndProject
Project("{FAE04EC0-301F-11D3-BF4B-00C04F79EFBC}") = "API", "API\API.csproj", "{28A453D2-8AC4-447C-94E3-CA8B95D3C11E}"
EndProject
Global
	GlobalSection(SolutionConfigurationPlatforms) = preSolution
		Debug|Any CPU = Debug|Any CPU
		Debug|x64 = Debug|x64
		Debug|x86 = Debug|x86
		Release|Any CPU = Release|Any CPU
		Release|x64 = Release|x64
		Release|x86 = Release|x86
	EndGlobalSection
	GlobalSection(SolutionProperties) = preSolution
		HideSolutionNode = FALSE
	EndGlobalSection
	GlobalSection(ProjectConfigurationPlatforms) = postSolution
		{F57D185A-1AA3-4C54-98F7-E46A54880029}.Debug|Any CPU.ActiveCfg = Debug|Any CPU
		{F57D185A-1AA3-4C54-98F7-E46A54880029}.Debug|Any CPU.Build.0 = Debug|Any CPU
		{F57D185A-1AA3-4C54-98F7-E46A54880029}.Debug|x64.ActiveCfg = Debug|Any CPU
		{F57D185A-1AA3-4C54-98F7-E46A54880029}.Debug|x64.Build.0 = Debug|Any CPU
		{F57D185A-1AA3-4C54-98F7-E46A54880029}.Debug|x86.ActiveCfg = Debug|Any CPU
		{F57D185A-1AA3-4C54-98F7-E46A54880029}.Debug|x86.Build.0 = Debug|Any CPU
		{F57D185A-1AA3-4C54-98F7-E46A54880029}.Release|Any CPU.ActiveCfg = Release|Any CPU
		{F57D185A-1AA3-4C54-98F7-E46A54880029}.Release|Any CPU.Build.0 = Release|Any CPU
		{F57D185A-1AA3-4C54-98F7-E46A54880029}.Release|x64.ActiveCfg = Release|Any CPU
		{F57D185A-1AA3-4C54-98F7-E46A54880029}.Release|x64.Build.0 = Release|Any CPU
		{F57D185A-1AA3-4C54-98F7-E46A54880029}.Release|x86.ActiveCfg = Release|Any CPU
		{F57D185A-1AA3-4C54-98F7-E46A54880029}.Release|x86.Build.0 = Release|Any CPU
		{3C5A543F-1966-4A15-804A-52E42BBC6E29}.Debug|Any CPU.ActiveCfg = Debug|Any CPU
		{3C5A543F-1966-4A15-804A-52E42BBC6E29}.Debug|Any CPU.Build.0 = Debug|Any CPU
		{3C5A543F-1966-4A15-804A-52E42BBC6E29}.Debug|x64.ActiveCfg = Debug|Any CPU
		{3C5A543F-1966-4A15-804A-52E42BBC6E29}.Debug|x64.Build.0 = Debug|Any CPU
		{3C5A543F-1966-4A15-804A-52E42BBC6E29}.Debug|x86.ActiveCfg = Debug|Any CPU
		{3C5A543F-1966-4A15-804A-52E42BBC6E29}.Debug|x86.Build.0 = Debug|Any CPU
		{3C5A543F-1966-4A15-804A-52E42BBC6E29}.Release|Any CPU.ActiveCfg = Release|Any CPU
		{3C5A543F-1966-4A15-804A-52E42BBC6E29}.Release|Any CPU.Build.0 = Release|Any CPU
		{3C5A543F-1966-4A15-804A-52E42BBC6E29}.Release|x64.ActiveCfg = Release|Any CPU
		{3C5A543F-1966-4A15-804A-52E42BBC6E29}.Release|x64.Build.0 = Release|Any CPU
		{3C5A543F-1966-4A15-804A-52E42BBC6E29}.Release|x86.ActiveCfg = Release|Any CPU
		{3C5A543F-1966-4A15-804A-52E42BBC6E29}.Release|x86.Build.0 = Release|Any CPU
		{5F9A4186-4122-4D43-A8C2-010CA15A70DB}.Debug|Any CPU.ActiveCfg = Debug|Any CPU
		{5F9A4186-4122-4D43-A8C2-010CA15A70DB}.Debug|Any CPU.Build.0 = Debug|Any CPU
		{5F9A4186-4122-4D43-A8C2-010CA15A70DB}.Debug|x64.ActiveCfg = Debug|Any CPU
		{5F9A4186-4122-4D43-A8C2-010CA15A70DB}.Debug|x64.Build.0 = Debug|Any CPU
		{5F9A4186-4122-4D43-A8C2-010CA15A70DB}.Debug|x86.ActiveCfg = Debug|Any CPU
		{5F9A4186-4122-4D43-A8C2-010CA15A70DB}.Debug|x86.Build.0 = Debug|Any CPU
		{5F9A4186-4122-4D43-A8C2-010CA15A70DB}.Release|Any CPU.ActiveCfg = Release|Any CPU
		{5F9A4186-4122-4D43-A8C2-010CA15A70DB}.Release|Any CPU.Build.0 = Release|Any CPU
		{5F9A4186-4122-4D43-A8C2-010CA15A70DB}.Release|x64.ActiveCfg = Release|Any CPU
		{5F9A4186-4122-4D43-A8C2-010CA15A70DB}.Release|x64.Build.0 = Release|Any CPU
		{5F9A4186-4122-4D43-A8C2-010CA15A70DB}.Release|x86.ActiveCfg = Release|Any CPU
		{5F9A4186-4122-4D43-A8C2-010CA15A70DB}.Release|x86.Build.0 = Release|Any CPU
		{28A453D2-8AC4-447C-94E3-CA8B95D3C11E}.Debug|Any CPU.ActiveCfg = Debug|Any CPU
		{28A453D2-8AC4-447C-94E3-CA8B95D3C11E}.Debug|Any CPU.Build.0 = Debug|Any CPU
		{28A453D2-8AC4-447C-94E3-CA8B95D3C11E}.Debug|x64.ActiveCfg = Debug|Any CPU
		{28A453D2-8AC4-447C-94E3-CA8B95D3C11E}.Debug|x64.Build.0 = Debug|Any CPU
		{28A453D2-8AC4-447C-94E3-CA8B95D3C11E}.Debug|x86.ActiveCfg = Debug|Any CPU
		{28A453D2-8AC4-447C-94E3-CA8B95D3C11E}.Debug|x86.Build.0 = Debug|Any CPU
		{28A453D2-8AC4-447C-94E3-CA8B95D3C11E}.Release|Any CPU.ActiveCfg = Release|Any CPU
		{28A453D2-8AC4-447C-94E3-CA8B95D3C11E}.Release|Any CPU.Build.0 = Release|Any CPU
		{28A453D2-8AC4-447C-94E3-CA8B95D3C11E}.Release|x64.ActiveCfg = Release|Any CPU
		{28A453D2-8AC4-447C-94E3-CA8B95D3C11E}.Release|x64.Build.0 = Release|Any CPU
		{28A453D2-8AC4-447C-94E3-CA8B95D3C11E}.Release|x86.ActiveCfg = Release|Any CPU
		{28A453D2-8AC4-447C-94E3-CA8B95D3C11E}.Release|x86.Build.0 = Release|Any CPU
	EndGlobalSection
EndGlobal
